# This file is automatically @generated by Cargo.
# It is not intended for manual editing.
version = 4

[[package]]
name = "indexwerk-core"
version = "0.0.0"

[[package]]
name = "indexwerk-ffi"
version = "0.0.0"
dependencies = [
 "indexwerk-core",
]

[[package]]
name = "indexwerk-python"
version = "0.0.0"
dependencies = [
 "indexwerk-ffi",
]
